
Microsoft Visual Studio Solution File, Format Version 12.00
# Visual Studio Version 17
VisualStudioVersion = 17.12.35527.113 d17.12
MinimumVisualStudioVersion = 10.0.40219.1
Project("{8BC9CEB8-8B4A-11D0-8D11-00A0C91BC942}") = "MyDriver3", "MyDriver3\MyDriver3.vcxproj", "{B3775DED-D8BC-464B-BFA4-3432C9868535}"
EndProject
Global
	GlobalSection(SolutionConfigurationPlatforms) = preSolution
		Debug|ARM64 = Debug|ARM64
		Debug|x64 = Debug|x64
		Release|ARM64 = Release|ARM64
		Release|x64 = Release|x64
	EndGlobalSection
	GlobalSection(ProjectConfigurationPlatforms) = postSolution
		{B3775DED-D8BC-464B-BFA4-3432C9868535}.Debug|ARM64.ActiveCfg = Debug|ARM64
		{B3775DED-D8BC-464B-BFA4-3432C9868535}.Debug|ARM64.Build.0 = Debug|ARM64
		{B3775DED-D8BC-464B-BFA4-3432C9868535}.Debug|ARM64.Deploy.0 = Debug|ARM64
		{B3775DED-D8BC-464B-BFA4-3432C9868535}.Debug|x64.ActiveCfg = Debug|x64
		{B3775DED-D8BC-464B-BFA4-3432C9868535}.Debug|x64.Build.0 = Debug|x64
		{B3775DED-D8BC-464B-BFA4-3432C9868535}.Debug|x64.Deploy.0 = Debug|x64
		{B3775DED-D8BC-464B-BFA4-3432C9868535}.Release|ARM64.ActiveCfg = Release|ARM64
		{B3775DED-D8BC-464B-BFA4-3432C9868535}.Release|ARM64.Build.0 = Release|ARM64
		{B3775DED-D8BC-464B-BFA4-3432C9868535}.Release|ARM64.Deploy.0 = Release|ARM64
		{B3775DED-D8BC-464B-BFA4-3432C9868535}.Release|x64.ActiveCfg = Release|x64
		{B3775DED-D8BC-464B-BFA4-3432C9868535}.Release|x64.Build.0 = Release|x64
		{B3775DED-D8BC-464B-BFA4-3432C9868535}.Release|x64.Deploy.0 = Release|x64
	EndGlobalSection
	GlobalSection(SolutionProperties) = preSolution
		HideSolutionNode = FALSE
	EndGlobalSection
EndGlobal
